dependencies:
- name: mysql
  repository: https://charts.helm.sh/stable
  version: 1.6.4
- name: buildbuddy-redis
  repository: https://helm.buildbuddy.io
  version: 0.0.7
- name: ingress-nginx
  repository: https://kubernetes.github.io/ingress-nginx
  version: 2.3.0
- name: cert-manager
  repository: https://charts.jetstack.io
  version: v0.16.1
- name: buildbuddy-executor
  repository: https://helm.buildbuddy.io
  version: 0.0.24
- name: metrics-server
  repository: https://charts.bitnami.com/bitnami
  version: 5.5.1
- name: prometheus
  repository: https://prometheus-community.github.io/helm-charts
  version: 13.3.2
- name: prometheus-adapter
  repository: https://prometheus-community.github.io/helm-charts
  version: 2.12.0
- name: grafana
  repository: https://grafana.github.io/helm-charts
  version: 6.6.2
digest: sha256:47ab1f08fd84a53359b73ad0cb6138f9a0c20e76e6ded7c8b03934d537148952
generated: "2021-03-17T18:01:33.098626-07:00"
