dependencies:
- name: mysql
  repository: https://charts.helm.sh/stable
  version: 1.6.4
- name: buildbuddy-redis
  repository: https://helm.buildbuddy.io
  version: 0.0.4
- name: ingress-nginx
  repository: https://kubernetes.github.io/ingress-nginx
  version: 2.3.0
- name: cert-manager
  repository: https://charts.jetstack.io
  version: v0.16.1
- name: buildbuddy-executor
  repository: https://helm.buildbuddy.io
  version: 0.0.16
digest: sha256:351485ec5223fb95361548515772eb3783c77e21773103a6e82ac413ccdbc550
generated: "2021-02-03T13:51:56.382117-08:00"
