dependencies:
- name: mysql
  repository: https://charts.helm.sh/stable
  version: 1.6.4
- name: buildbuddy-redis
  repository: https://helm.buildbuddy.io
  version: 0.0.11
- name: ingress-nginx
  repository: https://kubernetes.github.io/ingress-nginx
  version: 4.0.16
- name: cert-manager
  repository: https://charts.jetstack.io
  version: v1.6.1
- name: buildbuddy-executor
  repository: https://helm.buildbuddy.io
  version: 0.0.345
- name: metrics-server
  repository: https://charts.bitnami.com/bitnami
  version: 6.2.0
- name: prometheus
  repository: https://prometheus-community.github.io/helm-charts
  version: 15.14.0
- name: prometheus-adapter
  repository: https://prometheus-community.github.io/helm-charts
  version: 3.4.0
- name: grafana
  repository: https://grafana.github.io/helm-charts
  version: 8.8.2
- name: clickhouse
  repository: https://charts.bitnami.com/bitnami
  version: 6.2.0
digest: sha256:74486e58d4dddd16083dec70bb9e2b65fc605e73e9b537248fda0713976d95bf
generated: "2025-06-03T21:24:26.046327143Z"
