dependencies:
- name: buildbuddy-enterprise-cache-proxy
  repository: https://helm.buildbuddy.io
  version: 0.0.44
- name: metrics-server
  repository: https://kubernetes-sigs.github.io/metrics-server/
  version: 3.11.0
- name: prometheus
  repository: https://prometheus-community.github.io/helm-charts
  version: 15.14.0
- name: prometheus-adapter
  repository: https://prometheus-community.github.io/helm-charts
  version: 3.4.0
digest: sha256:4657808360a02aa96d31d7e42d34cc55b912d6e56403e0c37f097e20b42ebdba
generated: "2026-09-16T14:00:17.480498167Z"
