dependencies:
- name: buildbuddy-enterprise-cache-proxy
  repository: https://helm.buildbuddy.io
  version: 0.0.45
- name: metrics-server
  repository: https://kubernetes-sigs.github.io/metrics-server/
  version: 3.11.0
- name: prometheus
  repository: https://prometheus-community.github.io/helm-charts
  version: 15.14.0
- name: prometheus-adapter
  repository: https://prometheus-community.github.io/helm-charts
  version: 3.4.0
digest: sha256:59f39309442ff9821cf94313b17679e680389a8a268cd0eea87cc88e60475032
generated: "2026-09-17T22:59:50.547673821Z"
