dependencies:
- name: metrics-server
  repository: https://charts.bitnami.com/bitnami
  version: 6.2.0
- name: prometheus
  repository: https://prometheus-community.github.io/helm-charts
  version: 15.14.0
- name: prometheus-adapter
  repository: https://prometheus-community.github.io/helm-charts
  version: 3.4.0
digest: sha256:5bea89ab8250e0a8c950349a9fe23515668811269cacc395dde3fa0708fe67c4
generated: "2022-10-02T16:16:00.073647-07:00"
