dependencies:
- name: mysql
  repository: https://charts.helm.sh/stable
  version: 1.6.4
- name: ingress-nginx
  repository: https://kubernetes.github.io/ingress-nginx
  version: 4.0.16
- name: cert-manager
  repository: https://charts.jetstack.io
  version: v1.6.1
digest: sha256:51c570736122c3838d8cb3ebaf8ed925ae5f55ef1b5ac3dd22d738df40c8c8b9
generated: "2022-01-26T12:19:09.011607824-08:00"
