dependencies:
- name: mysql
  repository: https://charts.helm.sh/stable
  version: 1.6.4
- name: ingress-nginx
  repository: https://kubernetes.github.io/ingress-nginx
  version: 4.13.3
- name: cert-manager
  repository: https://charts.jetstack.io
  version: v1.6.1
- name: gateway-helm
  repository: oci://docker.io/envoyproxy
  version: v1.2.4
digest: sha256:8cfb82f07472dc367640785a6e91e624da19a2ae12c8083d82609b53dc3da8e9
generated: "2025-11-21T10:59:22.352948248+01:00"
