dependencies:
- name: mysql
  repository: https://charts.helm.sh/stable
  version: 1.6.4
- name: ingress-nginx
  repository: https://kubernetes.github.io/ingress-nginx
  version: 4.14.3
- name: cert-manager
  repository: https://charts.jetstack.io
  version: v1.6.1
digest: sha256:9576dc4d9a19f7f8fcf371e17a0ad31adaa9811771e64fa98853444e515bcad7
generated: "2026-02-05T10:57:45.637136708+01:00"
